
Microsoft Visual Studio Solution File, Format Version 12.00
# Visual Studio 2012
Project("{FAE04EC0-301F-11D3-BF4B-00C04F79EFBC}") = "lab1", "lab1.csproj", "{27D95596-6F21-4379-A163-9B60945526D7}"
EndProject
Project("{2150E333-8FDC-42A3-9474-1A3956D46DE8}") = "Solution Items", "Solution Items", "{17DF2A3D-5417-4784-B5A6-2039BD56E6A5}"
	ProjectSection(SolutionItems) = preProject
		README.MD = README.MD
	EndProjectSection
EndProject
Global
	GlobalSection(SolutionConfigurationPlatforms) = preSolution
		Debug|x86 = Debug|x86
		Release|x86 = Release|x86
	EndGlobalSection
	GlobalSection(ProjectConfigurationPlatforms) = postSolution
		{27D95596-6F21-4379-A163-9B60945526D7}.Debug|x86.ActiveCfg = Debug|x86
		{27D95596-6F21-4379-A163-9B60945526D7}.Debug|x86.Build.0 = Debug|x86
		{27D95596-6F21-4379-A163-9B60945526D7}.Release|x86.ActiveCfg = Release|x86
		{27D95596-6F21-4379-A163-9B60945526D7}.Release|x86.Build.0 = Release|x86
	EndGlobalSection
EndGlobal
